
Microsoft Visual Studio Solution File, Format Version 12.00
# Visual Studio Version 16
VisualStudioVersion = 16.0.31019.35
MinimumVisualStudioVersion = 10.0.40219.1
Project("{FAE04EC0-301F-11D3-BF4B-00C04F79EFBC}") = "AzureCognitiveSearch", "AzureCognitiveSearch\AzureCognitiveSearch.csproj", "{154A9C2F-F5AB-47E5-B616-3A4F5FB1CA1D}"
EndProject
Global
	GlobalSection(SolutionConfigurationPlatforms) = preSolution
		Debug|Any CPU = Debug|Any CPU
		Release|Any CPU = Release|Any CPU
	EndGlobalSection
	GlobalSection(ProjectConfigurationPlatforms) = postSolution
		{154A9C2F-F5AB-47E5-B616-3A4F5FB1CA1D}.Debug|Any CPU.ActiveCfg = Debug|Any CPU
		{154A9C2F-F5AB-47E5-B616-3A4F5FB1CA1D}.Debug|Any CPU.Build.0 = Debug|Any CPU
		{154A9C2F-F5AB-47E5-B616-3A4F5FB1CA1D}.Release|Any CPU.ActiveCfg = Release|Any CPU
		{154A9C2F-F5AB-47E5-B616-3A4F5FB1CA1D}.Release|Any CPU.Build.0 = Release|Any CPU
	EndGlobalSection
	GlobalSection(SolutionProperties) = preSolution
		HideSolutionNode = FALSE
	EndGlobalSection
	GlobalSection(ExtensibilityGlobals) = postSolution
		SolutionGuid = {034F18C6-9D61-47BA-A2F4-E43B0F3A21A3}
	EndGlobalSection
EndGlobal
